
Microsoft Visual Studio Solution File, Format Version 12.00
# Visual Studio 15
Project("{FAE04EC0-301F-11D3-BF4B-00C04F79EFBC}") = "Assembly-CSharp-firstpass", "Assembly-CSharp-firstpass.csproj", "{D013D7B6-AD20-6404-E988-99A55C5E452E}"
EndProject
Project("{FAE04EC0-301F-11D3-BF4B-00C04F79EFBC}") = "Assembly-CSharp", "Assembly-CSharp.csproj", "{3B2F2727-1CB4-7229-526A-602BE3E1B6FB}"
EndProject
Project("{FAE04EC0-301F-11D3-BF4B-00C04F79EFBC}") = "Assembly-CSharp-Editor-firstpass", "Assembly-CSharp-Editor-firstpass.csproj", "{CF4D2909-9817-FD4A-9E15-6726ABAB8AAD}"
EndProject
Project("{FAE04EC0-301F-11D3-BF4B-00C04F79EFBC}") = "Assembly-CSharp-Editor", "Assembly-CSharp-Editor.csproj", "{471C30D8-3967-C88B-C625-266072BEEE74}"
EndProject
Global
	GlobalSection(SolutionConfigurationPlatforms) = preSolution
		Debug|Any CPU = Debug|Any CPU
		Release|Any CPU = Release|Any CPU
	EndGlobalSection
	GlobalSection(ProjectConfigurationPlatforms) = postSolution
		{D013D7B6-AD20-6404-E988-99A55C5E452E}.Debug|Any CPU.ActiveCfg = Debug|Any CPU
		{D013D7B6-AD20-6404-E988-99A55C5E452E}.Debug|Any CPU.Build.0 = Debug|Any CPU
		{D013D7B6-AD20-6404-E988-99A55C5E452E}.Release|Any CPU.ActiveCfg = Release|Any CPU
		{D013D7B6-AD20-6404-E988-99A55C5E452E}.Release|Any CPU.Build.0 = Release|Any CPU
		{3B2F2727-1CB4-7229-526A-602BE3E1B6FB}.Debug|Any CPU.ActiveCfg = Debug|Any CPU
		{3B2F2727-1CB4-7229-526A-602BE3E1B6FB}.Debug|Any CPU.Build.0 = Debug|Any CPU
		{3B2F2727-1CB4-7229-526A-602BE3E1B6FB}.Release|Any CPU.ActiveCfg = Release|Any CPU
		{3B2F2727-1CB4-7229-526A-602BE3E1B6FB}.Release|Any CPU.Build.0 = Release|Any CPU
		{CF4D2909-9817-FD4A-9E15-6726ABAB8AAD}.Debug|Any CPU.ActiveCfg = Debug|Any CPU
		{CF4D2909-9817-FD4A-9E15-6726ABAB8AAD}.Debug|Any CPU.Build.0 = Debug|Any CPU
		{CF4D2909-9817-FD4A-9E15-6726ABAB8AAD}.Release|Any CPU.ActiveCfg = Release|Any CPU
		{CF4D2909-9817-FD4A-9E15-6726ABAB8AAD}.Release|Any CPU.Build.0 = Release|Any CPU
		{471C30D8-3967-C88B-C625-266072BEEE74}.Debug|Any CPU.ActiveCfg = Debug|Any CPU
		{471C30D8-3967-C88B-C625-266072BEEE74}.Debug|Any CPU.Build.0 = Debug|Any CPU
		{471C30D8-3967-C88B-C625-266072BEEE74}.Release|Any CPU.ActiveCfg = Release|Any CPU
		{471C30D8-3967-C88B-C625-266072BEEE74}.Release|Any CPU.Build.0 = Release|Any CPU
	EndGlobalSection
	GlobalSection(SolutionProperties) = preSolution
		HideSolutionNode = FALSE
	EndGlobalSection
EndGlobal
